
Microsoft Visual Studio Solution File, Format Version 12.00
# Visual Studio Version 16
VisualStudioVersion = 16.0.31702.278
MinimumVisualStudioVersion = 10.0.40219.1
Project("{FAE04EC0-301F-11D3-BF4B-00C04F79EFBC}") = "WinFormApplication", "WinFormApplication\WinFormApplication.csproj", "{6BB39D2C-63C9-4E76-BC20-113874D07691}"
EndProject
Global
	GlobalSection(SolutionConfigurationPlatforms) = preSolution
		Debug|Any CPU = Debug|Any CPU
		Release|Any CPU = Release|Any CPU
	EndGlobalSection
	GlobalSection(ProjectConfigurationPlatforms) = postSolution
		{6BB39D2C-63C9-4E76-BC20-113874D07691}.Debug|Any CPU.ActiveCfg = Debug|Any CPU
		{6BB39D2C-63C9-4E76-BC20-113874D07691}.Debug|Any CPU.Build.0 = Debug|Any CPU
		{6BB39D2C-63C9-4E76-BC20-113874D07691}.Release|Any CPU.ActiveCfg = Release|Any CPU
		{6BB39D2C-63C9-4E76-BC20-113874D07691}.Release|Any CPU.Build.0 = Release|Any CPU
	EndGlobalSection
	GlobalSection(SolutionProperties) = preSolution
		HideSolutionNode = FALSE
	EndGlobalSection
	GlobalSection(ExtensibilityGlobals) = postSolution
		SolutionGuid = {7824AE72-8DE1-410C-80C1-6F9850F21210}
	EndGlobalSection
EndGlobal
